
Microsoft Visual Studio Solution File, Format Version 12.00
# Visual Studio Version 17
VisualStudioVersion = 17.5.33424.131
MinimumVisualStudioVersion = 10.0.40219.1
Project("{2150E333-8FDC-42A3-9474-1A3956D46DE8}") = "Services", "Services", "{1B04A40A-D401-4C8A-A156-0C194450099D}"
EndProject
Project("{2150E333-8FDC-42A3-9474-1A3956D46DE8}") = "Catalog", "Catalog", "{11DB095C-BACC-4377-AC64-DBE2AC555C3A}"
EndProject
Project("{9A19103F-16F7-4668-BE54-9A1E7A4F7556}") = "Catalog.API", "Services\Catalog\Catalog.API\Catalog.API.csproj", "{BB50E87D-0D45-4736-A4AF-36CDDC9B25F3}"
EndProject
Project("{E53339B2-1760-4266-BCC7-CA923CBCF16C}") = "docker-compose", "docker-compose.dcproj", "{8AA39D58-6B93-4818-8C83-B2BFD17C0BDA}"
EndProject
Project("{2150E333-8FDC-42A3-9474-1A3956D46DE8}") = "Basket", "Basket", "{6CEACC70-6F65-434A-9F6C-5ED719FD9BA9}"
EndProject
Project("{9A19103F-16F7-4668-BE54-9A1E7A4F7556}") = "Basket.API", "Services\Basket\Basket.API\Basket.API.csproj", "{F9BBC37F-8866-434C-83E8-E9A91AC72A92}"
EndProject
Project("{2150E333-8FDC-42A3-9474-1A3956D46DE8}") = "Discount", "Discount", "{83A1651A-D990-42DA-9565-8C740E352A21}"
EndProject
Project("{FAE04EC0-301F-11D3-BF4B-00C04F79EFBC}") = "Discount.API", "Services\Discount\Discount.API\Discount.API.csproj", "{0E0BFA01-9BF2-4FF4-B17D-D24C70799444}"
EndProject
Global
	GlobalSection(SolutionConfigurationPlatforms) = preSolution
		Debug|Any CPU = Debug|Any CPU
		Release|Any CPU = Release|Any CPU
	EndGlobalSection
	GlobalSection(ProjectConfigurationPlatforms) = postSolution
		{BB50E87D-0D45-4736-A4AF-36CDDC9B25F3}.Debug|Any CPU.ActiveCfg = Debug|Any CPU
		{BB50E87D-0D45-4736-A4AF-36CDDC9B25F3}.Debug|Any CPU.Build.0 = Debug|Any CPU
		{BB50E87D-0D45-4736-A4AF-36CDDC9B25F3}.Release|Any CPU.ActiveCfg = Release|Any CPU
		{BB50E87D-0D45-4736-A4AF-36CDDC9B25F3}.Release|Any CPU.Build.0 = Release|Any CPU
		{8AA39D58-6B93-4818-8C83-B2BFD17C0BDA}.Debug|Any CPU.ActiveCfg = Debug|Any CPU
		{8AA39D58-6B93-4818-8C83-B2BFD17C0BDA}.Debug|Any CPU.Build.0 = Debug|Any CPU
		{8AA39D58-6B93-4818-8C83-B2BFD17C0BDA}.Release|Any CPU.ActiveCfg = Release|Any CPU
		{8AA39D58-6B93-4818-8C83-B2BFD17C0BDA}.Release|Any CPU.Build.0 = Release|Any CPU
		{F9BBC37F-8866-434C-83E8-E9A91AC72A92}.Debug|Any CPU.ActiveCfg = Debug|Any CPU
		{F9BBC37F-8866-434C-83E8-E9A91AC72A92}.Debug|Any CPU.Build.0 = Debug|Any CPU
		{F9BBC37F-8866-434C-83E8-E9A91AC72A92}.Release|Any CPU.ActiveCfg = Release|Any CPU
		{F9BBC37F-8866-434C-83E8-E9A91AC72A92}.Release|Any CPU.Build.0 = Release|Any CPU
		{0E0BFA01-9BF2-4FF4-B17D-D24C70799444}.Debug|Any CPU.ActiveCfg = Debug|Any CPU
		{0E0BFA01-9BF2-4FF4-B17D-D24C70799444}.Debug|Any CPU.Build.0 = Debug|Any CPU
		{0E0BFA01-9BF2-4FF4-B17D-D24C70799444}.Release|Any CPU.ActiveCfg = Release|Any CPU
		{0E0BFA01-9BF2-4FF4-B17D-D24C70799444}.Release|Any CPU.Build.0 = Release|Any CPU
	EndGlobalSection
	GlobalSection(SolutionProperties) = preSolution
		HideSolutionNode = FALSE
	EndGlobalSection
	GlobalSection(NestedProjects) = preSolution
		{11DB095C-BACC-4377-AC64-DBE2AC555C3A} = {1B04A40A-D401-4C8A-A156-0C194450099D}
		{BB50E87D-0D45-4736-A4AF-36CDDC9B25F3} = {11DB095C-BACC-4377-AC64-DBE2AC555C3A}
		{6CEACC70-6F65-434A-9F6C-5ED719FD9BA9} = {1B04A40A-D401-4C8A-A156-0C194450099D}
		{F9BBC37F-8866-434C-83E8-E9A91AC72A92} = {6CEACC70-6F65-434A-9F6C-5ED719FD9BA9}
		{83A1651A-D990-42DA-9565-8C740E352A21} = {1B04A40A-D401-4C8A-A156-0C194450099D}
		{0E0BFA01-9BF2-4FF4-B17D-D24C70799444} = {83A1651A-D990-42DA-9565-8C740E352A21}
	EndGlobalSection
	GlobalSection(ExtensibilityGlobals) = postSolution
		SolutionGuid = {4024FEF0-7CD6-4074-8097-870D74B9FF22}
	EndGlobalSection
EndGlobal
